
Microsoft Visual Studio Solution File, Format Version 12.00
# Visual Studio Version 17
VisualStudioVersion = 17.4.33103.184
MinimumVisualStudioVersion = 10.0.40219.1
Project("{FAE04EC0-301F-11D3-BF4B-00C04F79EFBC}") = "EFCore-UnitOfWork-Repository", "EFCore-UnitOfWork-Repository\EFCore-UnitOfWork-Repository.csproj", "{8176140C-75EC-43A2-887B-2CA298B139E6}"
EndProject
Global
	GlobalSection(SolutionConfigurationPlatforms) = preSolution
		Debug|Any CPU = Debug|Any CPU
		Release|Any CPU = Release|Any CPU
	EndGlobalSection
	GlobalSection(ProjectConfigurationPlatforms) = postSolution
		{8176140C-75EC-43A2-887B-2CA298B139E6}.Debug|Any CPU.ActiveCfg = Debug|Any CPU
		{8176140C-75EC-43A2-887B-2CA298B139E6}.Debug|Any CPU.Build.0 = Debug|Any CPU
		{8176140C-75EC-43A2-887B-2CA298B139E6}.Release|Any CPU.ActiveCfg = Release|Any CPU
		{8176140C-75EC-43A2-887B-2CA298B139E6}.Release|Any CPU.Build.0 = Release|Any CPU
	EndGlobalSection
	GlobalSection(SolutionProperties) = preSolution
		HideSolutionNode = FALSE
	EndGlobalSection
	GlobalSection(ExtensibilityGlobals) = postSolution
		SolutionGuid = {B6AE9B11-6E41-4CF7-8BE6-9B47633C585E}
	EndGlobalSection
EndGlobal
